// !$*UTF8*$!
{
	archiveVersion = 1;
	classes = {
	};
	objectVersion = 50;
	objects = {

/* Begin PBXBuildFile section */
		0206859121FE95B400416D50 /* AgeRangeLabel.swift in Sources */ = {isa = PBXBuildFile; fileRef = 0206859021FE95B400416D50 /* AgeRangeLabel.swift */; };
		0206859321FEA71600416D50 /* Firestore+Utils.swift in Sources */ = {isa = PBXBuildFile; fileRef = 0206859221FEA71600416D50 /* Firestore+Utils.swift */; };
		0214053F21F2D26C00D5DE5E /* AppDelegate.swift in Sources */ = {isa = PBXBuildFile; fileRef = 0214053E21F2D26C00D5DE5E /* AppDelegate.swift */; };
		0214054121F2D26C00D5DE5E /* HomeViewController.swift in Sources */ = {isa = PBXBuildFile; fileRef = 0214054021F2D26C00D5DE5E /* HomeViewController.swift */; };
		0214054421F2D26C00D5DE5E /* Main.storyboard in Resources */ = {isa = PBXBuildFile; fileRef = 0214054221F2D26C00D5DE5E /* Main.storyboard */; };
		0214054621F2D26E00D5DE5E /* Assets.xcassets in Resources */ = {isa = PBXBuildFile; fileRef = 0214054521F2D26E00D5DE5E /* Assets.xcassets */; };
		0214054921F2D26E00D5DE5E /* LaunchScreen.storyboard in Resources */ = {isa = PBXBuildFile; fileRef = 0214054721F2D26E00D5DE5E /* LaunchScreen.storyboard */; };
		0214055C21F2DAFC00D5DE5E /* HomeBottomControlsStackView.swift in Sources */ = {isa = PBXBuildFile; fileRef = 0214055B21F2DAFC00D5DE5E /* HomeBottomControlsStackView.swift */; };
		0214055E21F2E09300D5DE5E /* TopNavigationStackView.swift in Sources */ = {isa = PBXBuildFile; fileRef = 0214055D21F2E09200D5DE5E /* TopNavigationStackView.swift */; };
		0214056021F2F34300D5DE5E /* CardView.swift in Sources */ = {isa = PBXBuildFile; fileRef = 0214055F21F2F34300D5DE5E /* CardView.swift */; };
		0214762C21FD645F0087780A /* SettingsTableViewController.swift in Sources */ = {isa = PBXBuildFile; fileRef = 0214762B21FD645F0087780A /* SettingsTableViewController.swift */; };
		0214762E21FD85860087780A /* CustomImagePickerController.swift in Sources */ = {isa = PBXBuildFile; fileRef = 0214762D21FD85860087780A /* CustomImagePickerController.swift */; };
		0214763021FD89480087780A /* SettingsCell.swift in Sources */ = {isa = PBXBuildFile; fileRef = 0214762F21FD89480087780A /* SettingsCell.swift */; };
		0214763221FD8E170087780A /* SettingsTextField.swift in Sources */ = {isa = PBXBuildFile; fileRef = 0214763121FD8E170087780A /* SettingsTextField.swift */; };
		0214763421FD8E410087780A /* HeaderLabel.swift in Sources */ = {isa = PBXBuildFile; fileRef = 0214763321FD8E410087780A /* HeaderLabel.swift */; };
		0214763621FDFA730087780A /* AgeRangeCell.swift in Sources */ = {isa = PBXBuildFile; fileRef = 0214763521FDFA730087780A /* AgeRangeCell.swift */; };
		0221FF5821F4DD4300EAD109 /* User.swift in Sources */ = {isa = PBXBuildFile; fileRef = 0221FF5721F4DD4300EAD109 /* User.swift */; };
		0221FF5C21F4E3DD00EAD109 /* CardViewModel.swift in Sources */ = {isa = PBXBuildFile; fileRef = 0221FF5B21F4E3DD00EAD109 /* CardViewModel.swift */; };
		0221FF5E21F4EA4B00EAD109 /* Advertiser.swift in Sources */ = {isa = PBXBuildFile; fileRef = 0221FF5D21F4EA4B00EAD109 /* Advertiser.swift */; };
		0222823622979A950079E44C /* ChatLogController.swift in Sources */ = {isa = PBXBuildFile; fileRef = 0222823522979A950079E44C /* ChatLogController.swift */; };
		0222823822979B2E0079E44C /* Message.swift in Sources */ = {isa = PBXBuildFile; fileRef = 0222823722979B2E0079E44C /* Message.swift */; };
		0222823A22979B4A0079E44C /* MessageCell.swift in Sources */ = {isa = PBXBuildFile; fileRef = 0222823922979B4A0079E44C /* MessageCell.swift */; };
		0222823C22979CEC0079E44C /* MessagesNavBar.swift in Sources */ = {isa = PBXBuildFile; fileRef = 0222823B22979CEC0079E44C /* MessagesNavBar.swift */; };
		025205242299259500F76214 /* CustomInputAccessView.swift in Sources */ = {isa = PBXBuildFile; fileRef = 025205232299259500F76214 /* CustomInputAccessView.swift */; };
		02566E17229A5F1E005FE95B /* MatchesHorizontalController.swift in Sources */ = {isa = PBXBuildFile; fileRef = 02566E16229A5F1E005FE95B /* MatchesHorizontalController.swift */; };
		025C51BB229A525100491513 /* MatchesHeader.swift in Sources */ = {isa = PBXBuildFile; fileRef = 025C51BA229A525100491513 /* MatchesHeader.swift */; };
		026B703722956A20009B49B2 /* MatchesMessagesController.swift in Sources */ = {isa = PBXBuildFile; fileRef = 026B703622956A20009B49B2 /* MatchesMessagesController.swift */; };
		026B703922964A88009B49B2 /* MatchesNavBar.swift in Sources */ = {isa = PBXBuildFile; fileRef = 026B703822964A88009B49B2 /* MatchesNavBar.swift */; };
		027A9E6E229655780091A13A /* MatchCell.swift in Sources */ = {isa = PBXBuildFile; fileRef = 027A9E6D229655780091A13A /* MatchCell.swift */; };
		027A9E702296569F0091A13A /* Match.swift in Sources */ = {isa = PBXBuildFile; fileRef = 027A9E6F2296569F0091A13A /* Match.swift */; };
		0295EDC622006BEF0095BE9C /* UserDetailsViewController.swift in Sources */ = {isa = PBXBuildFile; fileRef = 0295EDC522006BEF0095BE9C /* UserDetailsViewController.swift */; };
		0295EDCB2200D0780095BE9C /* SwipingPhotosController.swift in Sources */ = {isa = PBXBuildFile; fileRef = 0295EDCA2200D0780095BE9C /* SwipingPhotosController.swift */; };
		0295EDCD22014B9A0095BE9C /* PhotoController.swift in Sources */ = {isa = PBXBuildFile; fileRef = 0295EDCC22014B9A0095BE9C /* PhotoController.swift */; };
		0295EDED2201F1A60095BE9C /* BioCell.swift in Sources */ = {isa = PBXBuildFile; fileRef = 0295EDEC2201F1A60095BE9C /* BioCell.swift */; };
		0295EDEF220218410095BE9C /* LogoutCell.swift in Sources */ = {isa = PBXBuildFile; fileRef = 0295EDEE220218410095BE9C /* LogoutCell.swift */; };
		029D49F021F786BF0021328D /* RegistrationViewController.swift in Sources */ = {isa = PBXBuildFile; fileRef = 029D49EF21F786BF0021328D /* RegistrationViewController.swift */; };
		029D49F221F78B3D0021328D /* CustomTextField.swift in Sources */ = {isa = PBXBuildFile; fileRef = 029D49F121F78B3D0021328D /* CustomTextField.swift */; };
		029D49F521F848F00021328D /* GoogleService-Info.plist in Resources */ = {isa = PBXBuildFile; fileRef = 029D49F421F848F00021328D /* GoogleService-Info.plist */; };
		029D49F721F84CE90021328D /* RegistrationViewModel.swift in Sources */ = {isa = PBXBuildFile; fileRef = 029D49F621F84CE90021328D /* RegistrationViewModel.swift */; };
		029D49F921FAB0030021328D /* Bindable.swift in Sources */ = {isa = PBXBuildFile; fileRef = 029D49F821FAB0030021328D /* Bindable.swift */; };
		02E06C4221FFFD91008B8D1E /* LoginViewController.swift in Sources */ = {isa = PBXBuildFile; fileRef = 02E06C4121FFFD91008B8D1E /* LoginViewController.swift */; };
		02E06C4421FFFFE6008B8D1E /* LoginViewModel.swift in Sources */ = {isa = PBXBuildFile; fileRef = 02E06C4321FFFFE6008B8D1E /* LoginViewModel.swift */; };
		02E950692203F60B007B211C /* MatchView.swift in Sources */ = {isa = PBXBuildFile; fileRef = 02E950682203F60B007B211C /* MatchView.swift */; };
		02E9506D2203FD5D007B211C /* SendMessageButton.swift in Sources */ = {isa = PBXBuildFile; fileRef = 02E9506C2203FD5D007B211C /* SendMessageButton.swift */; };
		02E9506F2204005E007B211C /* KeepSwipingButton.swift in Sources */ = {isa = PBXBuildFile; fileRef = 02E9506E2204005E007B211C /* KeepSwipingButton.swift */; };
		5B0D5F8666B5C8E48E3D8846 /* Pods_SwipeMatchTinder.framework in Frameworks */ = {isa = PBXBuildFile; fileRef = 55EB9608809498936AD916AC /* Pods_SwipeMatchTinder.framework */; };
/* End PBXBuildFile section */

/* Begin PBXFileReference section */
		0206859021FE95B400416D50 /* AgeRangeLabel.swift */ = {isa = PBXFileReference; lastKnownFileType = sourcecode.swift; path = AgeRangeLabel.swift; sourceTree = "<group>"; };
		0206859221FEA71600416D50 /* Firestore+Utils.swift */ = {isa = PBXFileReference; lastKnownFileType = sourcecode.swift; path = "Firestore+Utils.swift"; sourceTree = "<group>"; };
		0214053B21F2D26C00D5DE5E /* SwipeMatchTinder.app */ = {isa = PBXFileReference; explicitFileType = wrapper.application; includeInIndex = 0; path = SwipeMatchTinder.app; sourceTree = BUILT_PRODUCTS_DIR; };
		0214053E21F2D26C00D5DE5E /* AppDelegate.swift */ = {isa = PBXFileReference; lastKnownFileType = sourcecode.swift; path = AppDelegate.swift; sourceTree = "<group>"; };
		0214054021F2D26C00D5DE5E /* HomeViewController.swift */ = {isa = PBXFileReference; lastKnownFileType = sourcecode.swift; path = HomeViewController.swift; sourceTree = "<group>"; };
		0214054321F2D26C00D5DE5E /* Base */ = {isa = PBXFileReference; lastKnownFileType = file.storyboard; name = Base; path = Base.lproj/Main.storyboard; sourceTree = "<group>"; };
		0214054521F2D26E00D5DE5E /* Assets.xcassets */ = {isa = PBXFileReference; lastKnownFileType = folder.assetcatalog; path = Assets.xcassets; sourceTree = "<group>"; };
		0214054821F2D26E00D5DE5E /* Base */ = {isa = PBXFileReference; lastKnownFileType = file.storyboard; name = Base; path = Base.lproj/LaunchScreen.storyboard; sourceTree = "<group>"; };
		0214054A21F2D26E00D5DE5E /* Info.plist */ = {isa = PBXFileReference; lastKnownFileType = text.plist.xml; path = Info.plist; sourceTree = "<group>"; };
		0214055B21F2DAFC00D5DE5E /* HomeBottomControlsStackView.swift */ = {isa = PBXFileReference; lastKnownFileType = sourcecode.swift; path = HomeBottomControlsStackView.swift; sourceTree = "<group>"; };
		0214055D21F2E09200D5DE5E /* TopNavigationStackView.swift */ = {isa = PBXFileReference; lastKnownFileType = sourcecode.swift; path = TopNavigationStackView.swift; sourceTree = "<group>"; };
		0214055F21F2F34300D5DE5E /* CardView.swift */ = {isa = PBXFileReference; lastKnownFileType = sourcecode.swift; path = CardView.swift; sourceTree = "<group>"; };
		0214762B21FD645F0087780A /* SettingsTableViewController.swift */ = {isa = PBXFileReference; lastKnownFileType = sourcecode.swift; path = SettingsTableViewController.swift; sourceTree = "<group>"; };
		0214762D21FD85860087780A /* CustomImagePickerController.swift */ = {isa = PBXFileReference; lastKnownFileType = sourcecode.swift; path = CustomImagePickerController.swift; sourceTree = "<group>"; };
		0214762F21FD89480087780A /* SettingsCell.swift */ = {isa = PBXFileReference; lastKnownFileType = sourcecode.swift; path = SettingsCell.swift; sourceTree = "<group>"; };
		0214763121FD8E170087780A /* SettingsTextField.swift */ = {isa = PBXFileReference; lastKnownFileType = sourcecode.swift; path = SettingsTextField.swift; sourceTree = "<group>"; };
		0214763321FD8E410087780A /* HeaderLabel.swift */ = {isa = PBXFileReference; lastKnownFileType = sourcecode.swift; path = HeaderLabel.swift; sourceTree = "<group>"; };
		0214763521FDFA730087780A /* AgeRangeCell.swift */ = {isa = PBXFileReference; lastKnownFileType = sourcecode.swift; path = AgeRangeCell.swift; sourceTree = "<group>"; };
		0221FF5721F4DD4300EAD109 /* User.swift */ = {isa = PBXFileReference; lastKnownFileType = sourcecode.swift; path = User.swift; sourceTree = "<group>"; };
		0221FF5B21F4E3DD00EAD109 /* CardViewModel.swift */ = {isa = PBXFileReference; lastKnownFileType = sourcecode.swift; path = CardViewModel.swift; sourceTree = "<group>"; };
		0221FF5D21F4EA4B00EAD109 /* Advertiser.swift */ = {isa = PBXFileReference; lastKnownFileType = sourcecode.swift; path = Advertiser.swift; sourceTree = "<group>"; };
		0222823522979A950079E44C /* ChatLogController.swift */ = {isa = PBXFileReference; lastKnownFileType = sourcecode.swift; path = ChatLogController.swift; sourceTree = "<group>"; };
		0222823722979B2E0079E44C /* Message.swift */ = {isa = PBXFileReference; lastKnownFileType = sourcecode.swift; path = Message.swift; sourceTree = "<group>"; };
		0222823922979B4A0079E44C /* MessageCell.swift */ = {isa = PBXFileReference; lastKnownFileType = sourcecode.swift; path = MessageCell.swift; sourceTree = "<group>"; };
		0222823B22979CEC0079E44C /* MessagesNavBar.swift */ = {isa = PBXFileReference; lastKnownFileType = sourcecode.swift; path = MessagesNavBar.swift; sourceTree = "<group>"; };
		025205232299259500F76214 /* CustomInputAccessView.swift */ = {isa = PBXFileReference; lastKnownFileType = sourcecode.swift; path = CustomInputAccessView.swift; sourceTree = "<group>"; };
		02566E16229A5F1E005FE95B /* MatchesHorizontalController.swift */ = {isa = PBXFileReference; lastKnownFileType = sourcecode.swift; path = MatchesHorizontalController.swift; sourceTree = "<group>"; };
		025C51BA229A525100491513 /* MatchesHeader.swift */ = {isa = PBXFileReference; lastKnownFileType = sourcecode.swift; path = MatchesHeader.swift; sourceTree = "<group>"; };
		026B703622956A20009B49B2 /* MatchesMessagesController.swift */ = {isa = PBXFileReference; lastKnownFileType = sourcecode.swift; path = MatchesMessagesController.swift; sourceTree = "<group>"; };
		026B703822964A88009B49B2 /* MatchesNavBar.swift */ = {isa = PBXFileReference; lastKnownFileType = sourcecode.swift; path = MatchesNavBar.swift; sourceTree = "<group>"; };
		027A9E6D229655780091A13A /* MatchCell.swift */ = {isa = PBXFileReference; lastKnownFileType = sourcecode.swift; path = MatchCell.swift; sourceTree = "<group>"; };
		027A9E6F2296569F0091A13A /* Match.swift */ = {isa = PBXFileReference; lastKnownFileType = sourcecode.swift; path = Match.swift; sourceTree = "<group>"; };
		0295EDC522006BEF0095BE9C /* UserDetailsViewController.swift */ = {isa = PBXFileReference; lastKnownFileType = sourcecode.swift; path = UserDetailsViewController.swift; sourceTree = "<group>"; };
		0295EDCA2200D0780095BE9C /* SwipingPhotosController.swift */ = {isa = PBXFileReference; lastKnownFileType = sourcecode.swift; path = SwipingPhotosController.swift; sourceTree = "<group>"; };
		0295EDCC22014B9A0095BE9C /* PhotoController.swift */ = {isa = PBXFileReference; lastKnownFileType = sourcecode.swift; path = PhotoController.swift; sourceTree = "<group>"; };
		0295EDEC2201F1A60095BE9C /* BioCell.swift */ = {isa = PBXFileReference; lastKnownFileType = sourcecode.swift; path = BioCell.swift; sourceTree = "<group>"; };
		0295EDEE220218410095BE9C /* LogoutCell.swift */ = {isa = PBXFileReference; lastKnownFileType = sourcecode.swift; path = LogoutCell.swift; sourceTree = "<group>"; };
		029D49EF21F786BF0021328D /* RegistrationViewController.swift */ = {isa = PBXFileReference; lastKnownFileType = sourcecode.swift; path = RegistrationViewController.swift; sourceTree = "<group>"; };
		029D49F121F78B3D0021328D /* CustomTextField.swift */ = {isa = PBXFileReference; lastKnownFileType = sourcecode.swift; path = CustomTextField.swift; sourceTree = "<group>"; };
		029D49F421F848F00021328D /* GoogleService-Info.plist */ = {isa = PBXFileReference; fileEncoding = 4; lastKnownFileType = text.plist.xml; path = "GoogleService-Info.plist"; sourceTree = "<group>"; };
		029D49F621F84CE90021328D /* RegistrationViewModel.swift */ = {isa = PBXFileReference; lastKnownFileType = sourcecode.swift; path = RegistrationViewModel.swift; sourceTree = "<group>"; };
		029D49F821FAB0030021328D /* Bindable.swift */ = {isa = PBXFileReference; lastKnownFileType = sourcecode.swift; path = Bindable.swift; sourceTree = "<group>"; };
		02E06C4121FFFD91008B8D1E /* LoginViewController.swift */ = {isa = PBXFileReference; lastKnownFileType = sourcecode.swift; path = LoginViewController.swift; sourceTree = "<group>"; };
		02E06C4321FFFFE6008B8D1E /* LoginViewModel.swift */ = {isa = PBXFileReference; lastKnownFileType = sourcecode.swift; path = LoginViewModel.swift; sourceTree = "<group>"; };
		02E950682203F60B007B211C /* MatchView.swift */ = {isa = PBXFileReference; lastKnownFileType = sourcecode.swift; path = MatchView.swift; sourceTree = "<group>"; };
		02E9506C2203FD5D007B211C /* SendMessageButton.swift */ = {isa = PBXFileReference; lastKnownFileType = sourcecode.swift; path = SendMessageButton.swift; sourceTree = "<group>"; };
		02E9506E2204005E007B211C /* KeepSwipingButton.swift */ = {isa = PBXFileReference; lastKnownFileType = sourcecode.swift; path = KeepSwipingButton.swift; sourceTree = "<group>"; };
		55EB9608809498936AD916AC /* Pods_SwipeMatchTinder.framework */ = {isa = PBXFileReference; explicitFileType = wrapper.framework; includeInIndex = 0; path = Pods_SwipeMatchTinder.framework; sourceTree = BUILT_PRODUCTS_DIR; };
		667FCAC3EA8E7DA1F720587F /* Pods-SwipeMatchTinder.release.xcconfig */ = {isa = PBXFileReference; includeInIndex = 1; lastKnownFileType = text.xcconfig; name = "Pods-SwipeMatchTinder.release.xcconfig"; path = "Pods/Target Support Files/Pods-SwipeMatchTinder/Pods-SwipeMatchTinder.release.xcconfig"; sourceTree = "<group>"; };
		BE0B1A0186E3A69C0FD475A5 /* Pods-SwipeMatchTinder.debug.xcconfig */ = {isa = PBXFileReference; includeInIndex = 1; lastKnownFileType = text.xcconfig; name = "Pods-SwipeMatchTinder.debug.xcconfig"; path = "Pods/Target Support Files/Pods-SwipeMatchTinder/Pods-SwipeMatchTinder.debug.xcconfig"; sourceTree = "<group>"; };
/* End PBXFileReference section */

/* Begin PBXFrameworksBuildPhase section */
		0214053821F2D26C00D5DE5E /* Frameworks */ = {
			isa = PBXFrameworksBuildPhase;
			buildActionMask = 2147483647;
			files = (
				5B0D5F8666B5C8E48E3D8846 /* Pods_SwipeMatchTinder.framework in Frameworks */,
			);
			runOnlyForDeploymentPostprocessing = 0;
		};
/* End PBXFrameworksBuildPhase section */

/* Begin PBXGroup section */
		0214053221F2D26C00D5DE5E = {
			isa = PBXGroup;
			children = (
				0214053D21F2D26C00D5DE5E /* SwipeMatchTinder */,
				0214053C21F2D26C00D5DE5E /* Products */,
				77C1765DE93CB35281648F00 /* Pods */,
				414EEDBC3FC111606BF20693 /* Frameworks */,
			);
			sourceTree = "<group>";
		};
		0214053C21F2D26C00D5DE5E /* Products */ = {
			isa = PBXGroup;
			children = (
				0214053B21F2D26C00D5DE5E /* SwipeMatchTinder.app */,
			);
			name = Products;
			sourceTree = "<group>";
		};
		0214053D21F2D26C00D5DE5E /* SwipeMatchTinder */ = {
			isa = PBXGroup;
			children = (
				0214053E21F2D26C00D5DE5E /* AppDelegate.swift */,
				029D49F321F821130021328D /* Customs */,
				0214055521F2D6B800D5DE5E /* Extensions */,
				0221FF5621F4DD2D00EAD109 /* Model */,
				0214055A21F2DAD300D5DE5E /* Views */,
				0221FF5921F4E33500EAD109 /* Controllers */,
				0221FF5A21F4E3C900EAD109 /* ViewModels */,
				0214054221F2D26C00D5DE5E /* Main.storyboard */,
				0214054521F2D26E00D5DE5E /* Assets.xcassets */,
				0214054721F2D26E00D5DE5E /* LaunchScreen.storyboard */,
				0214054A21F2D26E00D5DE5E /* Info.plist */,
				029D49F421F848F00021328D /* GoogleService-Info.plist */,
			);
			path = SwipeMatchTinder;
			sourceTree = "<group>";
		};
		0214055521F2D6B800D5DE5E /* Extensions */ = {
			isa = PBXGroup;
			children = (
				0206859221FEA71600416D50 /* Firestore+Utils.swift */,
			);
			path = Extensions;
			sourceTree = "<group>";
		};
		0214055A21F2DAD300D5DE5E /* Views */ = {
			isa = PBXGroup;
			children = (
				027A9E6B229655600091A13A /* MessagesView */,
				02E9506A2203F610007B211C /* SettingsView */,
				02E9506B2203F636007B211C /* HomeView */,
				02E950682203F60B007B211C /* MatchView.swift */,
			);
			path = Views;
			sourceTree = "<group>";
		};
		0221FF5621F4DD2D00EAD109 /* Model */ = {
			isa = PBXGroup;
			children = (
				0221FF5721F4DD4300EAD109 /* User.swift */,
				0221FF5D21F4EA4B00EAD109 /* Advertiser.swift */,
				027A9E6F2296569F0091A13A /* Match.swift */,
				0222823722979B2E0079E44C /* Message.swift */,
			);
			path = Model;
			sourceTree = "<group>";
		};
		0221FF5921F4E33500EAD109 /* Controllers */ = {
			isa = PBXGroup;
			children = (
				029D49EF21F786BF0021328D /* RegistrationViewController.swift */,
				02E06C4121FFFD91008B8D1E /* LoginViewController.swift */,
				0214054021F2D26C00D5DE5E /* HomeViewController.swift */,
				0214762B21FD645F0087780A /* SettingsTableViewController.swift */,
				0295EDCC22014B9A0095BE9C /* PhotoController.swift */,
				026B7035229569FF009B49B2 /* Messages */,
				0295EDC92200D0510095BE9C /* User Details */,
			);
			path = Controllers;
			sourceTree = "<group>";
		};
		0221FF5A21F4E3C900EAD109 /* ViewModels */ = {
			isa = PBXGroup;
			children = (
				029D49F821FAB0030021328D /* Bindable.swift */,
				029D49F621F84CE90021328D /* RegistrationViewModel.swift */,
				02E06C4321FFFFE6008B8D1E /* LoginViewModel.swift */,
				0221FF5B21F4E3DD00EAD109 /* CardViewModel.swift */,
			);
			path = ViewModels;
			sourceTree = "<group>";
		};
		025205222298F82900F76214 /* MatchesMessages */ = {
			isa = PBXGroup;
			children = (
				026B703822964A88009B49B2 /* MatchesNavBar.swift */,
				0222823B22979CEC0079E44C /* MessagesNavBar.swift */,
				025205232299259500F76214 /* CustomInputAccessView.swift */,
			);
			name = MatchesMessages;
			sourceTree = "<group>";
		};
		02566E15229A5900005FE95B /* MatchesControllers */ = {
			isa = PBXGroup;
			children = (
				025C51BA229A525100491513 /* MatchesHeader.swift */,
				026B703622956A20009B49B2 /* MatchesMessagesController.swift */,
				02566E16229A5F1E005FE95B /* MatchesHorizontalController.swift */,
			);
			path = MatchesControllers;
			sourceTree = "<group>";
		};
		026B7035229569FF009B49B2 /* Messages */ = {
			isa = PBXGroup;
			children = (
				02566E15229A5900005FE95B /* MatchesControllers */,
				0222823522979A950079E44C /* ChatLogController.swift */,
			);
			name = Messages;
			sourceTree = "<group>";
		};
		027A9E6B229655600091A13A /* MessagesView */ = {
			isa = PBXGroup;
			children = (
				027A9E6D229655780091A13A /* MatchCell.swift */,
				0222823922979B4A0079E44C /* MessageCell.swift */,
			);
			name = MessagesView;
			sourceTree = "<group>";
		};
		0295EDC92200D0510095BE9C /* User Details */ = {
			isa = PBXGroup;
			children = (
				0295EDC522006BEF0095BE9C /* UserDetailsViewController.swift */,
				0295EDCA2200D0780095BE9C /* SwipingPhotosController.swift */,
			);
			path = "User Details";
			sourceTree = "<group>";
		};
		029D49F321F821130021328D /* Customs */ = {
			isa = PBXGroup;
			children = (
				025205222298F82900F76214 /* MatchesMessages */,
				029D49F121F78B3D0021328D /* CustomTextField.swift */,
				0214762D21FD85860087780A /* CustomImagePickerController.swift */,
				0214763121FD8E170087780A /* SettingsTextField.swift */,
				0214763321FD8E410087780A /* HeaderLabel.swift */,
				0206859021FE95B400416D50 /* AgeRangeLabel.swift */,
				02E9506C2203FD5D007B211C /* SendMessageButton.swift */,
				02E9506E2204005E007B211C /* KeepSwipingButton.swift */,
			);
			path = Customs;
			sourceTree = "<group>";
		};
		02E9506A2203F610007B211C /* SettingsView */ = {
			isa = PBXGroup;
			children = (
				0214762F21FD89480087780A /* SettingsCell.swift */,
				0214763521FDFA730087780A /* AgeRangeCell.swift */,
				0295EDEC2201F1A60095BE9C /* BioCell.swift */,
				0295EDEE220218410095BE9C /* LogoutCell.swift */,
			);
			path = SettingsView;
			sourceTree = "<group>";
		};
		02E9506B2203F636007B211C /* HomeView */ = {
			isa = PBXGroup;
			children = (
				0214055D21F2E09200D5DE5E /* TopNavigationStackView.swift */,
				0214055F21F2F34300D5DE5E /* CardView.swift */,
				0214055B21F2DAFC00D5DE5E /* HomeBottomControlsStackView.swift */,
			);
			path = HomeView;
			sourceTree = "<group>";
		};
		414EEDBC3FC111606BF20693 /* Frameworks */ = {
			isa = PBXGroup;
			children = (
				55EB9608809498936AD916AC /* Pods_SwipeMatchTinder.framework */,
			);
			name = Frameworks;
			sourceTree = "<group>";
		};
		77C1765DE93CB35281648F00 /* Pods */ = {
			isa = PBXGroup;
			children = (
				BE0B1A0186E3A69C0FD475A5 /* Pods-SwipeMatchTinder.debug.xcconfig */,
				667FCAC3EA8E7DA1F720587F /* Pods-SwipeMatchTinder.release.xcconfig */,
			);
			name = Pods;
			sourceTree = "<group>";
		};
/* End PBXGroup section */

/* Begin PBXNativeTarget section */
		0214053A21F2D26C00D5DE5E /* SwipeMatchTinder */ = {
			isa = PBXNativeTarget;
			buildConfigurationList = 0214054D21F2D26E00D5DE5E /* Build configuration list for PBXNativeTarget "SwipeMatchTinder" */;
			buildPhases = (
				130829AFC9080D98923C146C /* [CP] Check Pods Manifest.lock */,
				0214053721F2D26C00D5DE5E /* Sources */,
				0214053821F2D26C00D5DE5E /* Frameworks */,
				0214053921F2D26C00D5DE5E /* Resources */,
				75BADEA6B1F14B5F230E66A3 /* [CP] Embed Pods Frameworks */,
			);
			buildRules = (
			);
			dependencies = (
			);
			name = SwipeMatchTinder;
			productName = SwipeMatchTinder;
			productReference = 0214053B21F2D26C00D5DE5E /* SwipeMatchTinder.app */;
			productType = "com.apple.product-type.application";
		};
/* End PBXNativeTarget section */

/* Begin PBXProject section */
		0214053321F2D26C00D5DE5E /* Project object */ = {
			isa = PBXProject;
			attributes = {
				LastSwiftUpdateCheck = 1010;
				LastUpgradeCheck = 1010;
				ORGANIZATIONNAME = "Le Doan Anh Khoa";
				TargetAttributes = {
					0214053A21F2D26C00D5DE5E = {
						CreatedOnToolsVersion = 10.1;
						LastSwiftMigration = 1020;
					};
				};
			};
			buildConfigurationList = 0214053621F2D26C00D5DE5E /* Build configuration list for PBXProject "SwipeMatchTinder" */;
			compatibilityVersion = "Xcode 9.3";
			developmentRegion = en;
			hasScannedForEncodings = 0;
			knownRegions = (
				en,
				Base,
			);
			mainGroup = 0214053221F2D26C00D5DE5E;
			productRefGroup = 0214053C21F2D26C00D5DE5E /* Products */;
			projectDirPath = "";
			projectRoot = "";
			targets = (
				0214053A21F2D26C00D5DE5E /* SwipeMatchTinder */,
			);
		};
/* End PBXProject section */

/* Begin PBXResourcesBuildPhase section */
		0214053921F2D26C00D5DE5E /* Resources */ = {
			isa = PBXResourcesBuildPhase;
			buildActionMask = 2147483647;
			files = (
				0214054921F2D26E00D5DE5E /* LaunchScreen.storyboard in Resources */,
				029D49F521F848F00021328D /* GoogleService-Info.plist in Resources */,
				0214054621F2D26E00D5DE5E /* Assets.xcassets in Resources */,
				0214054421F2D26C00D5DE5E /* Main.storyboard in Resources */,
			);
			runOnlyForDeploymentPostprocessing = 0;
		};
/* End PBXResourcesBuildPhase section */

/* Begin PBXShellScriptBuildPhase section */
		130829AFC9080D98923C146C /* [CP] Check Pods Manifest.lock */ = {
			isa = PBXShellScriptBuildPhase;
			buildActionMask = 2147483647;
			files = (
			);
			inputPaths = (
				"${PODS_PODFILE_DIR_PATH}/Podfile.lock",
				"${PODS_ROOT}/Manifest.lock",
			);
			name = "[CP] Check Pods Manifest.lock";
			outputPaths = (
				"$(DERIVED_FILE_DIR)/Pods-SwipeMatchTinder-checkManifestLockResult.txt",
			);
			runOnlyForDeploymentPostprocessing = 0;
			shellPath = /bin/sh;
			shellScript = "diff \"${PODS_PODFILE_DIR_PATH}/Podfile.lock\" \"${PODS_ROOT}/Manifest.lock\" > /dev/null\nif [ $? != 0 ] ; then\n    # print error to STDERR\n    echo \"error: The sandbox is not in sync with the Podfile.lock. Run 'pod install' or update your CocoaPods installation.\" >&2\n    exit 1\nfi\n# This output is used by Xcode 'outputs' to avoid re-running this script phase.\necho \"SUCCESS\" > \"${SCRIPT_OUTPUT_FILE_0}\"\n";
			showEnvVarsInLog = 0;
		};
		75BADEA6B1F14B5F230E66A3 /* [CP] Embed Pods Frameworks */ = {
			isa = PBXShellScriptBuildPhase;
			buildActionMask = 2147483647;
			files = (
			);
			inputPaths = (
				"${PODS_ROOT}/Target Support Files/Pods-SwipeMatchTinder/Pods-SwipeMatchTinder-frameworks.sh",
				"${BUILT_PRODUCTS_DIR}/BoringSSL-GRPC/openssl_grpc.framework",
				"${BUILT_PRODUCTS_DIR}/GTMSessionFetcher/GTMSessionFetcher.framework",
				"${BUILT_PRODUCTS_DIR}/GoogleUtilities/GoogleUtilities.framework",
				"${BUILT_PRODUCTS_DIR}/JGProgressHUD/JGProgressHUD.framework",
				"${BUILT_PRODUCTS_DIR}/LBTATools/LBTATools.framework",
				"${BUILT_PRODUCTS_DIR}/Protobuf/Protobuf.framework",
				"${BUILT_PRODUCTS_DIR}/SDWebImage/SDWebImage.framework",
				"${BUILT_PRODUCTS_DIR}/gRPC-C++/grpcpp.framework",
				"${BUILT_PRODUCTS_DIR}/gRPC-Core/grpc.framework",
				"${BUILT_PRODUCTS_DIR}/leveldb-library/leveldb.framework",
				"${BUILT_PRODUCTS_DIR}/nanopb/nanopb.framework",
			);
			name = "[CP] Embed Pods Frameworks";
			outputPaths = (
				"${TARGET_BUILD_DIR}/${FRAMEWORKS_FOLDER_PATH}/openssl_grpc.framework",
				"${TARGET_BUILD_DIR}/${FRAMEWORKS_FOLDER_PATH}/GTMSessionFetcher.framework",
				"${TARGET_BUILD_DIR}/${FRAMEWORKS_FOLDER_PATH}/GoogleUtilities.framework",
				"${TARGET_BUILD_DIR}/${FRAMEWORKS_FOLDER_PATH}/JGProgressHUD.framework",
				"${TARGET_BUILD_DIR}/${FRAMEWORKS_FOLDER_PATH}/LBTATools.framework",
				"${TARGET_BUILD_DIR}/${FRAMEWORKS_FOLDER_PATH}/Protobuf.framework",
				"${TARGET_BUILD_DIR}/${FRAMEWORKS_FOLDER_PATH}/SDWebImage.framework",
				"${TARGET_BUILD_DIR}/${FRAMEWORKS_FOLDER_PATH}/grpcpp.framework",
				"${TARGET_BUILD_DIR}/${FRAMEWORKS_FOLDER_PATH}/grpc.framework",
				"${TARGET_BUILD_DIR}/${FRAMEWORKS_FOLDER_PATH}/leveldb.framework",
				"${TARGET_BUILD_DIR}/${FRAMEWORKS_FOLDER_PATH}/nanopb.framework",
			);
			runOnlyForDeploymentPostprocessing = 0;
			shellPath = /bin/sh;
			shellScript = "\"${PODS_ROOT}/Target Support Files/Pods-SwipeMatchTinder/Pods-SwipeMatchTinder-frameworks.sh\"\n";
			showEnvVarsInLog = 0;
		};
/* End PBXShellScriptBuildPhase section */

/* Begin PBXSourcesBuildPhase section */
		0214053721F2D26C00D5DE5E /* Sources */ = {
			isa = PBXSourcesBuildPhase;
			buildActionMask = 2147483647;
			files = (
				0214763221FD8E170087780A /* SettingsTextField.swift in Sources */,
				0221FF5E21F4EA4B00EAD109 /* Advertiser.swift in Sources */,
				0214056021F2F34300D5DE5E /* CardView.swift in Sources */,
				02E06C4221FFFD91008B8D1E /* LoginViewController.swift in Sources */,
				0214054121F2D26C00D5DE5E /* HomeViewController.swift in Sources */,
				0222823C22979CEC0079E44C /* MessagesNavBar.swift in Sources */,
				0295EDCB2200D0780095BE9C /* SwipingPhotosController.swift in Sources */,
				0295EDC622006BEF0095BE9C /* UserDetailsViewController.swift in Sources */,
				0214763021FD89480087780A /* SettingsCell.swift in Sources */,
				029D49F021F786BF0021328D /* RegistrationViewController.swift in Sources */,
				0214053F21F2D26C00D5DE5E /* AppDelegate.swift in Sources */,
				0222823622979A950079E44C /* ChatLogController.swift in Sources */,
				025C51BB229A525100491513 /* MatchesHeader.swift in Sources */,
				0295EDCD22014B9A0095BE9C /* PhotoController.swift in Sources */,
				0214055C21F2DAFC00D5DE5E /* HomeBottomControlsStackView.swift in Sources */,
				0214762C21FD645F0087780A /* SettingsTableViewController.swift in Sources */,
				026B703922964A88009B49B2 /* MatchesNavBar.swift in Sources */,
				0221FF5821F4DD4300EAD109 /* User.swift in Sources */,
				0214055E21F2E09300D5DE5E /* TopNavigationStackView.swift in Sources */,
				0222823A22979B4A0079E44C /* MessageCell.swift in Sources */,
				0206859321FEA71600416D50 /* Firestore+Utils.swift in Sources */,
				02E950692203F60B007B211C /* MatchView.swift in Sources */,
				029D49F921FAB0030021328D /* Bindable.swift in Sources */,
				0295EDED2201F1A60095BE9C /* BioCell.swift in Sources */,
				02566E17229A5F1E005FE95B /* MatchesHorizontalController.swift in Sources */,
				0222823822979B2E0079E44C /* Message.swift in Sources */,
				029D49F221F78B3D0021328D /* CustomTextField.swift in Sources */,
				02E9506F2204005E007B211C /* KeepSwipingButton.swift in Sources */,
				029D49F721F84CE90021328D /* RegistrationViewModel.swift in Sources */,
				025205242299259500F76214 /* CustomInputAccessView.swift in Sources */,
				0206859121FE95B400416D50 /* AgeRangeLabel.swift in Sources */,
				0214763621FDFA730087780A /* AgeRangeCell.swift in Sources */,
				027A9E702296569F0091A13A /* Match.swift in Sources */,
				02E06C4421FFFFE6008B8D1E /* LoginViewModel.swift in Sources */,
				0295EDEF220218410095BE9C /* LogoutCell.swift in Sources */,
				02E9506D2203FD5D007B211C /* SendMessageButton.swift in Sources */,
				0214762E21FD85860087780A /* CustomImagePickerController.swift in Sources */,
				0221FF5C21F4E3DD00EAD109 /* CardViewModel.swift in Sources */,
				027A9E6E229655780091A13A /* MatchCell.swift in Sources */,
				0214763421FD8E410087780A /* HeaderLabel.swift in Sources */,
				026B703722956A20009B49B2 /* MatchesMessagesController.swift in Sources */,
			);
			runOnlyForDeploymentPostprocessing = 0;
		};
/* End PBXSourcesBuildPhase section */

/* Begin PBXVariantGroup section */
		0214054221F2D26C00D5DE5E /* Main.storyboard */ = {
			isa = PBXVariantGroup;
			children = (
				0214054321F2D26C00D5DE5E /* Base */,
			);
			name = Main.storyboard;
			sourceTree = "<group>";
		};
		0214054721F2D26E00D5DE5E /* LaunchScreen.storyboard */ = {
			isa = PBXVariantGroup;
			children = (
				0214054821F2D26E00D5DE5E /* Base */,
			);
			name = LaunchScreen.storyboard;
			sourceTree = "<group>";
		};
/* End PBXVariantGroup section */

/* Begin XCBuildConfiguration section */
		0214054B21F2D26E00D5DE5E /* Debug */ = {
			isa = XCBuildConfiguration;
			buildSettings = {
				ALWAYS_SEARCH_USER_PATHS = NO;
				CLANG_ANALYZER_NONNULL = YES;
				CLANG_ANALYZER_NUMBER_OBJECT_CONVERSION = YES_AGGRESSIVE;
				CLANG_CXX_LANGUAGE_STANDARD = "gnu++14";
				CLANG_CXX_LIBRARY = "libc++";
				CLANG_ENABLE_MODULES = YES;
				CLANG_ENABLE_OBJC_ARC = YES;
				CLANG_ENABLE_OBJC_WEAK = YES;
				CLANG_WARN_BLOCK_CAPTURE_AUTORELEASING = YES;
				CLANG_WARN_BOOL_CONVERSION = YES;
				CLANG_WARN_COMMA = YES;
				CLANG_WARN_CONSTANT_CONVERSION = YES;
				CLANG_WARN_DEPRECATED_OBJC_IMPLEMENTATIONS = YES;
				CLANG_WARN_DIRECT_OBJC_ISA_USAGE = YES_ERROR;
				CLANG_WARN_DOCUMENTATION_COMMENTS = YES;
				CLANG_WARN_EMPTY_BODY = YES;
				CLANG_WARN_ENUM_CONVERSION = YES;
				CLANG_WARN_INFINITE_RECURSION = YES;
				CLANG_WARN_INT_CONVERSION = YES;
				CLANG_WARN_NON_LITERAL_NULL_CONVERSION = YES;
				CLANG_WARN_OBJC_IMPLICIT_RETAIN_SELF = YES;
				CLANG_WARN_OBJC_LITERAL_CONVERSION = YES;
				CLANG_WARN_OBJC_ROOT_CLASS = YES_ERROR;
				CLANG_WARN_RANGE_LOOP_ANALYSIS = YES;
				CLANG_WARN_STRICT_PROTOTYPES = YES;
				CLANG_WARN_SUSPICIOUS_MOVE = YES;
				CLANG_WARN_UNGUARDED_AVAILABILITY = YES_AGGRESSIVE;
				CLANG_WARN_UNREACHABLE_CODE = YES;
				CLANG_WARN__DUPLICATE_METHOD_MATCH = YES;
				CODE_SIGN_IDENTITY = "iPhone Developer";
				COPY_PHASE_STRIP = NO;
				DEBUG_INFORMATION_FORMAT = dwarf;
				ENABLE_STRICT_OBJC_MSGSEND = YES;
				ENABLE_TESTABILITY = YES;
				GCC_C_LANGUAGE_STANDARD = gnu11;
				GCC_DYNAMIC_NO_PIC = NO;
				GCC_NO_COMMON_BLOCKS = YES;
				GCC_OPTIMIZATION_LEVEL = 0;
				GCC_PREPROCESSOR_DEFINITIONS = (
					"DEBUG=1",
					"$(inherited)",
				);
				GCC_WARN_64_TO_32_BIT_CONVERSION = YES;
				GCC_WARN_ABOUT_RETURN_TYPE = YES_ERROR;
				GCC_WARN_UNDECLARED_SELECTOR = YES;
				GCC_WARN_UNINITIALIZED_AUTOS = YES_AGGRESSIVE;
				GCC_WARN_UNUSED_FUNCTION = YES;
				GCC_WARN_UNUSED_VARIABLE = YES;
				IPHONEOS_DEPLOYMENT_TARGET = 12.1;
				MTL_ENABLE_DEBUG_INFO = INCLUDE_SOURCE;
				MTL_FAST_MATH = YES;
				ONLY_ACTIVE_ARCH = YES;
				SDKROOT = iphoneos;
				SWIFT_ACTIVE_COMPILATION_CONDITIONS = DEBUG;
				SWIFT_OPTIMIZATION_LEVEL = "-Onone";
			};
			name = Debug;
		};
		0214054C21F2D26E00D5DE5E /* Release */ = {
			isa = XCBuildConfiguration;
			buildSettings = {
				ALWAYS_SEARCH_USER_PATHS = NO;
				CLANG_ANALYZER_NONNULL = YES;
				CLANG_ANALYZER_NUMBER_OBJECT_CONVERSION = YES_AGGRESSIVE;
				CLANG_CXX_LANGUAGE_STANDARD = "gnu++14";
				CLANG_CXX_LIBRARY = "libc++";
				CLANG_ENABLE_MODULES = YES;
				CLANG_ENABLE_OBJC_ARC = YES;
				CLANG_ENABLE_OBJC_WEAK = YES;
				CLANG_WARN_BLOCK_CAPTURE_AUTORELEASING = YES;
				CLANG_WARN_BOOL_CONVERSION = YES;
				CLANG_WARN_COMMA = YES;
				CLANG_WARN_CONSTANT_CONVERSION = YES;
				CLANG_WARN_DEPRECATED_OBJC_IMPLEMENTATIONS = YES;
				CLANG_WARN_DIRECT_OBJC_ISA_USAGE = YES_ERROR;
				CLANG_WARN_DOCUMENTATION_COMMENTS = YES;
				CLANG_WARN_EMPTY_BODY = YES;
				CLANG_WARN_ENUM_CONVERSION = YES;
				CLANG_WARN_INFINITE_RECURSION = YES;
				CLANG_WARN_INT_CONVERSION = YES;
				CLANG_WARN_NON_LITERAL_NULL_CONVERSION = YES;
				CLANG_WARN_OBJC_IMPLICIT_RETAIN_SELF = YES;
				CLANG_WARN_OBJC_LITERAL_CONVERSION = YES;
				CLANG_WARN_OBJC_ROOT_CLASS = YES_ERROR;
				CLANG_WARN_RANGE_LOOP_ANALYSIS = YES;
				CLANG_WARN_STRICT_PROTOTYPES = YES;
				CLANG_WARN_SUSPICIOUS_MOVE = YES;
				CLANG_WARN_UNGUARDED_AVAILABILITY = YES_AGGRESSIVE;
				CLANG_WARN_UNREACHABLE_CODE = YES;
				CLANG_WARN__DUPLICATE_METHOD_MATCH = YES;
				CODE_SIGN_IDENTITY = "iPhone Developer";
				COPY_PHASE_STRIP = NO;
				DEBUG_INFORMATION_FORMAT = "dwarf-with-dsym";
				ENABLE_NS_ASSERTIONS = NO;
				ENABLE_STRICT_OBJC_MSGSEND = YES;
				GCC_C_LANGUAGE_STANDARD = gnu11;
				GCC_NO_COMMON_BLOCKS = YES;
				GCC_WARN_64_TO_32_BIT_CONVERSION = YES;
				GCC_WARN_ABOUT_RETURN_TYPE = YES_ERROR;
				GCC_WARN_UNDECLARED_SELECTOR = YES;
				GCC_WARN_UNINITIALIZED_AUTOS = YES_AGGRESSIVE;
				GCC_WARN_UNUSED_FUNCTION = YES;
				GCC_WARN_UNUSED_VARIABLE = YES;
				IPHONEOS_DEPLOYMENT_TARGET = 12.1;
				MTL_ENABLE_DEBUG_INFO = NO;
				MTL_FAST_MATH = YES;
				SDKROOT = iphoneos;
				SWIFT_COMPILATION_MODE = wholemodule;
				SWIFT_OPTIMIZATION_LEVEL = "-O";
				VALIDATE_PRODUCT = YES;
			};
			name = Release;
		};
		0214054E21F2D26E00D5DE5E /* Debug */ = {
			isa = XCBuildConfiguration;
			baseConfigurationReference = BE0B1A0186E3A69C0FD475A5 /* Pods-SwipeMatchTinder.debug.xcconfig */;
			buildSettings = {
				ASSETCATALOG_COMPILER_APPICON_NAME = AppIcon;
				CODE_SIGN_STYLE = Automatic;
				DEVELOPMENT_TEAM = 5SB3H4Y5NS;
				INFOPLIST_FILE = SwipeMatchTinder/Info.plist;
				LD_RUNPATH_SEARCH_PATHS = (
					"$(inherited)",
					"@executable_path/Frameworks",
				);
				PRODUCT_BUNDLE_IDENTIFIER = com.ledoananhkhoa.SwipeMatchTinder;
				PRODUCT_NAME = "$(TARGET_NAME)";
				SWIFT_VERSION = 5.0;
				TARGETED_DEVICE_FAMILY = "1,2";
			};
			name = Debug;
		};
		0214054F21F2D26E00D5DE5E /* Release */ = {
			isa = XCBuildConfiguration;
			baseConfigurationReference = 667FCAC3EA8E7DA1F720587F /* Pods-SwipeMatchTinder.release.xcconfig */;
			buildSettings = {
				ASSETCATALOG_COMPILER_APPICON_NAME = AppIcon;
				CODE_SIGN_STYLE = Automatic;
				DEVELOPMENT_TEAM = 5SB3H4Y5NS;
				INFOPLIST_FILE = SwipeMatchTinder/Info.plist;
				LD_RUNPATH_SEARCH_PATHS = (
					"$(inherited)",
					"@executable_path/Frameworks",
				);
				PRODUCT_BUNDLE_IDENTIFIER = com.ledoananhkhoa.SwipeMatchTinder;
				PRODUCT_NAME = "$(TARGET_NAME)";
				SWIFT_VERSION = 5.0;
				TARGETED_DEVICE_FAMILY = "1,2";
			};
			name = Release;
		};
/* End XCBuildConfiguration section */

/* Begin XCConfigurationList section */
		0214053621F2D26C00D5DE5E /* Build configuration list for PBXProject "SwipeMatchTinder" */ = {
			isa = XCConfigurationList;
			buildConfigurations = (
				0214054B21F2D26E00D5DE5E /* Debug */,
				0214054C21F2D26E00D5DE5E /* Release */,
			);
			defaultConfigurationIsVisible = 0;
			defaultConfigurationName = Release;
		};
		0214054D21F2D26E00D5DE5E /* Build configuration list for PBXNativeTarget "SwipeMatchTinder" */ = {
			isa = XCConfigurationList;
			buildConfigurations = (
				0214054E21F2D26E00D5DE5E /* Debug */,
				0214054F21F2D26E00D5DE5E /* Release */,
			);
			defaultConfigurationIsVisible = 0;
			defaultConfigurationName = Release;
		};
/* End XCConfigurationList section */
	};
	rootObject = 0214053321F2D26C00D5DE5E /* Project object */;
}
